// !$*UTF8*$!
{
	archiveVersion = 1;
	classes = {
	};
	objectVersion = 52;
	objects = {

/* Begin PBXBuildFile section */
		9226DC6F21500AF2003D024D /* NSRegularExpression.swift in Sources */ = {isa = PBXBuildFile; fileRef = 9226DC6E21500AF2003D024D /* NSRegularExpression.swift */; };
		9226DC7121500B96003D024D /* NSTextCheckingResult.swift in Sources */ = {isa = PBXBuildFile; fileRef = 9226DC7021500B96003D024D /* NSTextCheckingResult.swift */; };
		9226DC7421500EA7003D024D /* NSRegularExpressionTests.swift in Sources */ = {isa = PBXBuildFile; fileRef = 9226DC7321500EA7003D024D /* NSRegularExpressionTests.swift */; };
		9226DC7721500ED9003D024D /* NSTextCheckingResultTests.swift in Sources */ = {isa = PBXBuildFile; fileRef = 9226DC7621500ED9003D024D /* NSTextCheckingResultTests.swift */; };
		92391F0220B130A800FE8006 /* OperandTests.swift in Sources */ = {isa = PBXBuildFile; fileRef = 92391F0120B130A800FE8006 /* OperandTests.swift */; };
		923D7FBC2146E872000E1D49 /* TokenableTests.swift in Sources */ = {isa = PBXBuildFile; fileRef = 923D7FBB2146E872000E1D49 /* TokenableTests.swift */; };
		924105AA20B06B19009FC568 /* OperatorTests.swift in Sources */ = {isa = PBXBuildFile; fileRef = 924105A920B06B19009FC568 /* OperatorTests.swift */; };
		9271D3F325004C1600F9FC5A /* ConstantTests.swift in Sources */ = {isa = PBXBuildFile; fileRef = 9271D3F225004C1600F9FC5A /* ConstantTests.swift */; };
		9271D3F525004CCC00F9FC5A /* RollTests.swift in Sources */ = {isa = PBXBuildFile; fileRef = 9271D3F425004CCC00F9FC5A /* RollTests.swift */; };
		9271D3F725004E6600F9FC5A /* RollNegativeSidesTests.swift in Sources */ = {isa = PBXBuildFile; fileRef = 9271D3F625004E6600F9FC5A /* RollNegativeSidesTests.swift */; };
		9271D3F925004EE100F9FC5A /* RollPositiveSidesTests.swift in Sources */ = {isa = PBXBuildFile; fileRef = 9271D3F825004EE100F9FC5A /* RollPositiveSidesTests.swift */; };
		9271D3FB25004F9600F9FC5A /* LexemeConstantFixture.swift in Sources */ = {isa = PBXBuildFile; fileRef = 9271D3FA25004F9600F9FC5A /* LexemeConstantFixture.swift */; };
		9271D3FD2500506F00F9FC5A /* LexemeRollFixture.swift in Sources */ = {isa = PBXBuildFile; fileRef = 9271D3FC2500506F00F9FC5A /* LexemeRollFixture.swift */; };
		9271D4012500522000F9FC5A /* LexemeRollNegativeSidesFixture.swift in Sources */ = {isa = PBXBuildFile; fileRef = 9271D4002500522000F9FC5A /* LexemeRollNegativeSidesFixture.swift */; };
		9271D4032500524D00F9FC5A /* LexemeRollPositiveSidesFixture.swift in Sources */ = {isa = PBXBuildFile; fileRef = 9271D4022500524D00F9FC5A /* LexemeRollPositiveSidesFixture.swift */; };
		927DA38124FF21D000C868BB /* Operand2.swift in Sources */ = {isa = PBXBuildFile; fileRef = 927DA38024FF21D000C868BB /* Operand2.swift */; };
		927DA38324FF223F00C868BB /* Constant.swift in Sources */ = {isa = PBXBuildFile; fileRef = 927DA38224FF223F00C868BB /* Constant.swift */; };
		927DA38524FF285800C868BB /* Roll.swift in Sources */ = {isa = PBXBuildFile; fileRef = 927DA38424FF285800C868BB /* Roll.swift */; };
		927DA38724FF407400C868BB /* RollNegativeSides.swift in Sources */ = {isa = PBXBuildFile; fileRef = 927DA38624FF407400C868BB /* RollNegativeSides.swift */; };
		927DA38924FF438500C868BB /* RollPositiveSides.swift in Sources */ = {isa = PBXBuildFile; fileRef = 927DA38824FF438500C868BB /* RollPositiveSides.swift */; };
		9286A3742266FEC8004D7360 /* Parser.swift in Sources */ = {isa = PBXBuildFile; fileRef = 9286A3732266FEC8004D7360 /* Parser.swift */; };
		9286A376226700BA004D7360 /* ParserTests.swift in Sources */ = {isa = PBXBuildFile; fileRef = 9286A375226700BA004D7360 /* ParserTests.swift */; };
		9290C1162433CBE400609A2D /* EvaluatableClosedRangeFixture.swift in Sources */ = {isa = PBXBuildFile; fileRef = 9290C1152433CBE400609A2D /* EvaluatableClosedRangeFixture.swift */; };
		92A4CC7420AF26530096AF98 /* Expression.swift in Sources */ = {isa = PBXBuildFile; fileRef = 92A4CC7320AF26530096AF98 /* Expression.swift */; };
		92A4CC7620AF270A0096AF98 /* Operator.swift in Sources */ = {isa = PBXBuildFile; fileRef = 92A4CC7520AF270A0096AF98 /* Operator.swift */; };
		92A4CC7820AF2EE30096AF98 /* Operand.swift in Sources */ = {isa = PBXBuildFile; fileRef = 92A4CC7720AF2EE30096AF98 /* Operand.swift */; };
		92A4CC7C20AF2F560096AF98 /* Tokenable.swift in Sources */ = {isa = PBXBuildFile; fileRef = 92A4CC7B20AF2F560096AF98 /* Tokenable.swift */; };
		92A4CC7E20AF68D90096AF98 /* ExpressionError.swift in Sources */ = {isa = PBXBuildFile; fileRef = 92A4CC7D20AF68D90096AF98 /* ExpressionError.swift */; };
		92CD302420AD0E6C002462B3 /* libChanceKit.a in Frameworks */ = {isa = PBXBuildFile; fileRef = 92CD300020AD0D89002462B3 /* libChanceKit.a */; };
		92CD302B20AD0EBD002462B3 /* ExpressionTests.swift in Sources */ = {isa = PBXBuildFile; fileRef = 92CD302A20AD0EBD002462B3 /* ExpressionTests.swift */; };
		92D04A98226A2C8700E97E06 /* LexebleOnlyFixture.swift in Sources */ = {isa = PBXBuildFile; fileRef = 92D04A97226A2C8700E97E06 /* LexebleOnlyFixture.swift */; };
		92D04A9A226CCA3D00E97E06 /* Evaluator.swift in Sources */ = {isa = PBXBuildFile; fileRef = 92D04A99226CCA3D00E97E06 /* Evaluator.swift */; };
		92D04A9E226CCC3600E97E06 /* EvaluatorTests.swift in Sources */ = {isa = PBXBuildFile; fileRef = 92D04A9D226CCC3600E97E06 /* EvaluatorTests.swift */; };
		92D04AA0226DB0AC00E97E06 /* Lexer.swift in Sources */ = {isa = PBXBuildFile; fileRef = 92D04A9F226DB0AC00E97E06 /* Lexer.swift */; };
		92D04AA2226DB27D00E97E06 /* LexerTests.swift in Sources */ = {isa = PBXBuildFile; fileRef = 92D04AA1226DB27D00E97E06 /* LexerTests.swift */; };
		92D513F6213DA02C00973B6F /* ParenthesisTests.swift in Sources */ = {isa = PBXBuildFile; fileRef = 92D513F5213DA02C00973B6F /* ParenthesisTests.swift */; };
		92DA546D20B204CD0052CC65 /* Markable.swift in Sources */ = {isa = PBXBuildFile; fileRef = 92DA546C20B204CD0052CC65 /* Markable.swift */; };
		92DA546F20B207270052CC65 /* Parenthesis.swift in Sources */ = {isa = PBXBuildFile; fileRef = 92DA546E20B207270052CC65 /* Parenthesis.swift */; };
		92DE254B23464CF4003A75A0 /* LexemeOperatorFixture.swift in Sources */ = {isa = PBXBuildFile; fileRef = 92DE254A23464CF4003A75A0 /* LexemeOperatorFixture.swift */; };
		92DE254D2346508F003A75A0 /* LexemeParenthesisFixture.swift in Sources */ = {isa = PBXBuildFile; fileRef = 92DE254C2346508F003A75A0 /* LexemeParenthesisFixture.swift */; };
		92DE254F23465101003A75A0 /* LexemeOperandFixture.swift in Sources */ = {isa = PBXBuildFile; fileRef = 92DE254E23465101003A75A0 /* LexemeOperandFixture.swift */; };
		92DE255123465169003A75A0 /* EvaluatableIntegerFixture.swift in Sources */ = {isa = PBXBuildFile; fileRef = 92DE255023465169003A75A0 /* EvaluatableIntegerFixture.swift */; };
		92DE255523465244003A75A0 /* ParsableOnlyFixture.swift in Sources */ = {isa = PBXBuildFile; fileRef = 92DE255423465244003A75A0 /* ParsableOnlyFixture.swift */; };
		92DE2559234652FE003A75A0 /* InvalidFixture.swift in Sources */ = {isa = PBXBuildFile; fileRef = 92DE2558234652FE003A75A0 /* InvalidFixture.swift */; };
/* End PBXBuildFile section */

/* Begin PBXCopyFilesBuildPhase section */
		92CD2FFE20AD0D89002462B3 /* CopyFiles */ = {
			isa = PBXCopyFilesBuildPhase;
			buildActionMask = 2147483647;
			dstPath = "include/$(PRODUCT_NAME)";
			dstSubfolderSpec = 16;
			files = (
			);
			runOnlyForDeploymentPostprocessing = 0;
		};
/* End PBXCopyFilesBuildPhase section */

/* Begin PBXFileReference section */
		9226DC6E21500AF2003D024D /* NSRegularExpression.swift */ = {isa = PBXFileReference; lastKnownFileType = sourcecode.swift; path = NSRegularExpression.swift; sourceTree = "<group>"; };
		9226DC7021500B96003D024D /* NSTextCheckingResult.swift */ = {isa = PBXFileReference; lastKnownFileType = sourcecode.swift; path = NSTextCheckingResult.swift; sourceTree = "<group>"; };
		9226DC7321500EA7003D024D /* NSRegularExpressionTests.swift */ = {isa = PBXFileReference; lastKnownFileType = sourcecode.swift; path = NSRegularExpressionTests.swift; sourceTree = "<group>"; };
		9226DC7621500ED9003D024D /* NSTextCheckingResultTests.swift */ = {isa = PBXFileReference; lastKnownFileType = sourcecode.swift; path = NSTextCheckingResultTests.swift; sourceTree = "<group>"; };
		92391F0120B130A800FE8006 /* OperandTests.swift */ = {isa = PBXFileReference; lastKnownFileType = sourcecode.swift; path = OperandTests.swift; sourceTree = "<group>"; };
		923D7FBB2146E872000E1D49 /* TokenableTests.swift */ = {isa = PBXFileReference; lastKnownFileType = sourcecode.swift; path = TokenableTests.swift; sourceTree = "<group>"; };
		924105A920B06B19009FC568 /* OperatorTests.swift */ = {isa = PBXFileReference; lastKnownFileType = sourcecode.swift; path = OperatorTests.swift; sourceTree = "<group>"; };
		9271D3F225004C1600F9FC5A /* ConstantTests.swift */ = {isa = PBXFileReference; lastKnownFileType = sourcecode.swift; path = ConstantTests.swift; sourceTree = "<group>"; };
		9271D3F425004CCC00F9FC5A /* RollTests.swift */ = {isa = PBXFileReference; lastKnownFileType = sourcecode.swift; path = RollTests.swift; sourceTree = "<group>"; };
		9271D3F625004E6600F9FC5A /* RollNegativeSidesTests.swift */ = {isa = PBXFileReference; lastKnownFileType = sourcecode.swift; path = RollNegativeSidesTests.swift; sourceTree = "<group>"; };
		9271D3F825004EE100F9FC5A /* RollPositiveSidesTests.swift */ = {isa = PBXFileReference; lastKnownFileType = sourcecode.swift; path = RollPositiveSidesTests.swift; sourceTree = "<group>"; };
		9271D3FA25004F9600F9FC5A /* LexemeConstantFixture.swift */ = {isa = PBXFileReference; lastKnownFileType = sourcecode.swift; path = LexemeConstantFixture.swift; sourceTree = "<group>"; };
		9271D3FC2500506F00F9FC5A /* LexemeRollFixture.swift */ = {isa = PBXFileReference; lastKnownFileType = sourcecode.swift; path = LexemeRollFixture.swift; sourceTree = "<group>"; };
		9271D4002500522000F9FC5A /* LexemeRollNegativeSidesFixture.swift */ = {isa = PBXFileReference; fileEncoding = 4; lastKnownFileType = sourcecode.swift; path = LexemeRollNegativeSidesFixture.swift; sourceTree = "<group>"; };
		9271D4022500524D00F9FC5A /* LexemeRollPositiveSidesFixture.swift */ = {isa = PBXFileReference; lastKnownFileType = sourcecode.swift; path = LexemeRollPositiveSidesFixture.swift; sourceTree = "<group>"; };
		927DA38024FF21D000C868BB /* Operand2.swift */ = {isa = PBXFileReference; lastKnownFileType = sourcecode.swift; path = Operand2.swift; sourceTree = "<group>"; };
		927DA38224FF223F00C868BB /* Constant.swift */ = {isa = PBXFileReference; lastKnownFileType = sourcecode.swift; path = Constant.swift; sourceTree = "<group>"; };
		927DA38424FF285800C868BB /* Roll.swift */ = {isa = PBXFileReference; lastKnownFileType = sourcecode.swift; path = Roll.swift; sourceTree = "<group>"; };
		927DA38624FF407400C868BB /* RollNegativeSides.swift */ = {isa = PBXFileReference; lastKnownFileType = sourcecode.swift; path = RollNegativeSides.swift; sourceTree = "<group>"; };
		927DA38824FF438500C868BB /* RollPositiveSides.swift */ = {isa = PBXFileReference; lastKnownFileType = sourcecode.swift; path = RollPositiveSides.swift; sourceTree = "<group>"; };
		9286A3732266FEC8004D7360 /* Parser.swift */ = {isa = PBXFileReference; lastKnownFileType = sourcecode.swift; path = Parser.swift; sourceTree = "<group>"; };
		9286A375226700BA004D7360 /* ParserTests.swift */ = {isa = PBXFileReference; lastKnownFileType = sourcecode.swift; path = ParserTests.swift; sourceTree = "<group>"; };
		9290C1152433CBE400609A2D /* EvaluatableClosedRangeFixture.swift */ = {isa = PBXFileReference; lastKnownFileType = sourcecode.swift; path = EvaluatableClosedRangeFixture.swift; sourceTree = "<group>"; };
		92A4CC7020AD143C0096AF98 /* Info.plist */ = {isa = PBXFileReference; fileEncoding = 4; lastKnownFileType = text.plist.xml; path = Info.plist; sourceTree = "<group>"; };
		92A4CC7320AF26530096AF98 /* Expression.swift */ = {isa = PBXFileReference; fileEncoding = 4; indentWidth = 2; lastKnownFileType = sourcecode.swift; path = Expression.swift; sourceTree = "<group>"; tabWidth = 2; usesTabs = 0; };
		92A4CC7520AF270A0096AF98 /* Operator.swift */ = {isa = PBXFileReference; lastKnownFileType = sourcecode.swift; path = Operator.swift; sourceTree = "<group>"; };
		92A4CC7720AF2EE30096AF98 /* Operand.swift */ = {isa = PBXFileReference; lastKnownFileType = sourcecode.swift; path = Operand.swift; sourceTree = "<group>"; };
		92A4CC7B20AF2F560096AF98 /* Tokenable.swift */ = {isa = PBXFileReference; lastKnownFileType = sourcecode.swift; path = Tokenable.swift; sourceTree = "<group>"; };
		92A4CC7D20AF68D90096AF98 /* ExpressionError.swift */ = {isa = PBXFileReference; lastKnownFileType = sourcecode.swift; path = ExpressionError.swift; sourceTree = "<group>"; };
		92CD300020AD0D89002462B3 /* libChanceKit.a */ = {isa = PBXFileReference; explicitFileType = archive.ar; includeInIndex = 0; path = libChanceKit.a; sourceTree = BUILT_PRODUCTS_DIR; };
		92CD301F20AD0E6C002462B3 /* ChanceKitTests.xctest */ = {isa = PBXFileReference; explicitFileType = wrapper.cfbundle; includeInIndex = 0; path = ChanceKitTests.xctest; sourceTree = BUILT_PRODUCTS_DIR; };
		92CD302A20AD0EBD002462B3 /* ExpressionTests.swift */ = {isa = PBXFileReference; fileEncoding = 4; lastKnownFileType = sourcecode.swift; path = ExpressionTests.swift; sourceTree = "<group>"; };
		92D04A97226A2C8700E97E06 /* LexebleOnlyFixture.swift */ = {isa = PBXFileReference; lastKnownFileType = sourcecode.swift; path = LexebleOnlyFixture.swift; sourceTree = "<group>"; };
		92D04A99226CCA3D00E97E06 /* Evaluator.swift */ = {isa = PBXFileReference; lastKnownFileType = sourcecode.swift; path = Evaluator.swift; sourceTree = "<group>"; };
		92D04A9D226CCC3600E97E06 /* EvaluatorTests.swift */ = {isa = PBXFileReference; lastKnownFileType = sourcecode.swift; path = EvaluatorTests.swift; sourceTree = "<group>"; };
		92D04A9F226DB0AC00E97E06 /* Lexer.swift */ = {isa = PBXFileReference; lastKnownFileType = sourcecode.swift; path = Lexer.swift; sourceTree = "<group>"; };
		92D04AA1226DB27D00E97E06 /* LexerTests.swift */ = {isa = PBXFileReference; lastKnownFileType = sourcecode.swift; path = LexerTests.swift; sourceTree = "<group>"; };
		92D513F5213DA02C00973B6F /* ParenthesisTests.swift */ = {isa = PBXFileReference; lastKnownFileType = sourcecode.swift; path = ParenthesisTests.swift; sourceTree = "<group>"; };
		92DA546C20B204CD0052CC65 /* Markable.swift */ = {isa = PBXFileReference; lastKnownFileType = sourcecode.swift; path = Markable.swift; sourceTree = "<group>"; };
		92DA546E20B207270052CC65 /* Parenthesis.swift */ = {isa = PBXFileReference; lastKnownFileType = sourcecode.swift; path = Parenthesis.swift; sourceTree = "<group>"; };
		92DE254A23464CF4003A75A0 /* LexemeOperatorFixture.swift */ = {isa = PBXFileReference; lastKnownFileType = sourcecode.swift; path = LexemeOperatorFixture.swift; sourceTree = "<group>"; };
		92DE254C2346508F003A75A0 /* LexemeParenthesisFixture.swift */ = {isa = PBXFileReference; lastKnownFileType = sourcecode.swift; path = LexemeParenthesisFixture.swift; sourceTree = "<group>"; };
		92DE254E23465101003A75A0 /* LexemeOperandFixture.swift */ = {isa = PBXFileReference; lastKnownFileType = sourcecode.swift; path = LexemeOperandFixture.swift; sourceTree = "<group>"; };
		92DE255023465169003A75A0 /* EvaluatableIntegerFixture.swift */ = {isa = PBXFileReference; lastKnownFileType = sourcecode.swift; path = EvaluatableIntegerFixture.swift; sourceTree = "<group>"; };
		92DE255423465244003A75A0 /* ParsableOnlyFixture.swift */ = {isa = PBXFileReference; lastKnownFileType = sourcecode.swift; path = ParsableOnlyFixture.swift; sourceTree = "<group>"; };
		92DE2558234652FE003A75A0 /* InvalidFixture.swift */ = {isa = PBXFileReference; lastKnownFileType = sourcecode.swift; path = InvalidFixture.swift; sourceTree = "<group>"; };
/* End PBXFileReference section */

/* Begin PBXFrameworksBuildPhase section */
		92CD2FFD20AD0D89002462B3 /* Frameworks */ = {
			isa = PBXFrameworksBuildPhase;
			buildActionMask = 2147483647;
			files = (
			);
			runOnlyForDeploymentPostprocessing = 0;
		};
		92CD301C20AD0E6C002462B3 /* Frameworks */ = {
			isa = PBXFrameworksBuildPhase;
			buildActionMask = 2147483647;
			files = (
				92CD302420AD0E6C002462B3 /* libChanceKit.a in Frameworks */,
			);
			runOnlyForDeploymentPostprocessing = 0;
		};
/* End PBXFrameworksBuildPhase section */

/* Begin PBXGroup section */
		9226DC7221500BF2003D024D /* Additions */ = {
			isa = PBXGroup;
			children = (
				9226DC6E21500AF2003D024D /* NSRegularExpression.swift */,
				9226DC7021500B96003D024D /* NSTextCheckingResult.swift */,
			);
			path = Additions;
			sourceTree = "<group>";
		};
		9226DC7521500EAE003D024D /* Additions */ = {
			isa = PBXGroup;
			children = (
				9226DC7321500EA7003D024D /* NSRegularExpressionTests.swift */,
				9226DC7621500ED9003D024D /* NSTextCheckingResultTests.swift */,
			);
			path = Additions;
			sourceTree = "<group>";
		};
		92CD2FF720AD0D89002462B3 = {
			isa = PBXGroup;
			children = (
				92CD300220AD0D89002462B3 /* ChanceKit */,
				92CD300120AD0D89002462B3 /* Products */,
				92CD302020AD0E6C002462B3 /* Tests */,
			);
			indentWidth = 2;
			sourceTree = "<group>";
			tabWidth = 2;
		};
		92CD300120AD0D89002462B3 /* Products */ = {
			isa = PBXGroup;
			children = (
				92CD300020AD0D89002462B3 /* libChanceKit.a */,
				92CD301F20AD0E6C002462B3 /* ChanceKitTests.xctest */,
			);
			name = Products;
			sourceTree = "<group>";
		};
		92CD300220AD0D89002462B3 /* ChanceKit */ = {
			isa = PBXGroup;
			children = (
				927DA38224FF223F00C868BB /* Constant.swift */,
				92D04A99226CCA3D00E97E06 /* Evaluator.swift */,
				92A4CC7320AF26530096AF98 /* Expression.swift */,
				92A4CC7D20AF68D90096AF98 /* ExpressionError.swift */,
				92D04A9F226DB0AC00E97E06 /* Lexer.swift */,
				92DA546C20B204CD0052CC65 /* Markable.swift */,
				92A4CC7720AF2EE30096AF98 /* Operand.swift */,
				927DA38024FF21D000C868BB /* Operand2.swift */,
				92A4CC7520AF270A0096AF98 /* Operator.swift */,
				92DA546E20B207270052CC65 /* Parenthesis.swift */,
				9286A3732266FEC8004D7360 /* Parser.swift */,
				927DA38424FF285800C868BB /* Roll.swift */,
				927DA38624FF407400C868BB /* RollNegativeSides.swift */,
				927DA38824FF438500C868BB /* RollPositiveSides.swift */,
				92A4CC7B20AF2F560096AF98 /* Tokenable.swift */,
				9226DC7221500BF2003D024D /* Additions */,
			);
			path = ChanceKit;
			sourceTree = "<group>";
		};
		92CD302020AD0E6C002462B3 /* Tests */ = {
			isa = PBXGroup;
			children = (
				92A4CC7020AD143C0096AF98 /* Info.plist */,
				9271D3F225004C1600F9FC5A /* ConstantTests.swift */,
				92D04A9D226CCC3600E97E06 /* EvaluatorTests.swift */,
				92CD302A20AD0EBD002462B3 /* ExpressionTests.swift */,
				92D04AA1226DB27D00E97E06 /* LexerTests.swift */,
				92391F0120B130A800FE8006 /* OperandTests.swift */,
				924105A920B06B19009FC568 /* OperatorTests.swift */,
				92D513F5213DA02C00973B6F /* ParenthesisTests.swift */,
				9286A375226700BA004D7360 /* ParserTests.swift */,
				9271D3F625004E6600F9FC5A /* RollNegativeSidesTests.swift */,
				9271D3F825004EE100F9FC5A /* RollPositiveSidesTests.swift */,
				9271D3F425004CCC00F9FC5A /* RollTests.swift */,
				923D7FBB2146E872000E1D49 /* TokenableTests.swift */,
				9226DC7521500EAE003D024D /* Additions */,
				92DE254923464CCD003A75A0 /* Fixtures */,
			);
			path = Tests;
			sourceTree = "<group>";
		};
		92DE254923464CCD003A75A0 /* Fixtures */ = {
			isa = PBXGroup;
			children = (
				9290C1152433CBE400609A2D /* EvaluatableClosedRangeFixture.swift */,
				92DE255023465169003A75A0 /* EvaluatableIntegerFixture.swift */,
				92DE2558234652FE003A75A0 /* InvalidFixture.swift */,
				92D04A97226A2C8700E97E06 /* LexebleOnlyFixture.swift */,
				9271D3FA25004F9600F9FC5A /* LexemeConstantFixture.swift */,
				92DE254E23465101003A75A0 /* LexemeOperandFixture.swift */,
				92DE254A23464CF4003A75A0 /* LexemeOperatorFixture.swift */,
				92DE254C2346508F003A75A0 /* LexemeParenthesisFixture.swift */,
				9271D3FC2500506F00F9FC5A /* LexemeRollFixture.swift */,
				9271D4002500522000F9FC5A /* LexemeRollNegativeSidesFixture.swift */,
				9271D4022500524D00F9FC5A /* LexemeRollPositiveSidesFixture.swift */,
				92DE255423465244003A75A0 /* ParsableOnlyFixture.swift */,
			);
			path = Fixtures;
			sourceTree = "<group>";
		};
/* End PBXGroup section */

/* Begin PBXNativeTarget section */
		92CD2FFF20AD0D89002462B3 /* ChanceKit */ = {
			isa = PBXNativeTarget;
			buildConfigurationList = 92CD300720AD0D89002462B3 /* Build configuration list for PBXNativeTarget "ChanceKit" */;
			buildPhases = (
				92CD2FFC20AD0D89002462B3 /* Sources */,
				92CD2FFD20AD0D89002462B3 /* Frameworks */,
				92CD2FFE20AD0D89002462B3 /* CopyFiles */,
			);
			buildRules = (
			);
			dependencies = (
			);
			name = ChanceKit;
			productName = ChanceKit;
			productReference = 92CD300020AD0D89002462B3 /* libChanceKit.a */;
			productType = "com.apple.product-type.library.static";
		};
		92CD301E20AD0E6C002462B3 /* ChanceKitTests */ = {
			isa = PBXNativeTarget;
			buildConfigurationList = 92CD302720AD0E6C002462B3 /* Build configuration list for PBXNativeTarget "ChanceKitTests" */;
			buildPhases = (
				92CD301B20AD0E6C002462B3 /* Sources */,
				92CD301C20AD0E6C002462B3 /* Frameworks */,
				92CD301D20AD0E6C002462B3 /* Resources */,
			);
			buildRules = (
			);
			dependencies = (
			);
			name = ChanceKitTests;
			productName = Tests;
			productReference = 92CD301F20AD0E6C002462B3 /* ChanceKitTests.xctest */;
			productType = "com.apple.product-type.bundle.unit-test";
		};
/* End PBXNativeTarget section */

/* Begin PBXProject section */
		92CD2FF820AD0D89002462B3 /* Project object */ = {
			isa = PBXProject;
			attributes = {
				LastSwiftUpdateCheck = 0930;
				LastUpgradeCheck = 1200;
				ORGANIZATIONNAME = "Ryan Sobol LLC";
				TargetAttributes = {
					92CD2FFF20AD0D89002462B3 = {
						CreatedOnToolsVersion = 9.3.1;
						LastSwiftMigration = 1020;
					};
					92CD301E20AD0E6C002462B3 = {
						CreatedOnToolsVersion = 9.3.1;
						LastSwiftMigration = 1020;
					};
				};
			};
			buildConfigurationList = 92CD2FFB20AD0D89002462B3 /* Build configuration list for PBXProject "ChanceKit" */;
			compatibilityVersion = "Xcode 11.0";
			developmentRegion = en;
			hasScannedForEncodings = 0;
			knownRegions = (
				en,
				Base,
			);
			mainGroup = 92CD2FF720AD0D89002462B3;
			productRefGroup = 92CD300120AD0D89002462B3 /* Products */;
			projectDirPath = "";
			projectRoot = "";
			targets = (
				92CD2FFF20AD0D89002462B3 /* ChanceKit */,
				92CD301E20AD0E6C002462B3 /* ChanceKitTests */,
			);
		};
/* End PBXProject section */

/* Begin PBXResourcesBuildPhase section */
		92CD301D20AD0E6C002462B3 /* Resources */ = {
			isa = PBXResourcesBuildPhase;
			buildActionMask = 2147483647;
			files = (
			);
			runOnlyForDeploymentPostprocessing = 0;
		};
/* End PBXResourcesBuildPhase section */

/* Begin PBXSourcesBuildPhase section */
		92CD2FFC20AD0D89002462B3 /* Sources */ = {
			isa = PBXSourcesBuildPhase;
			buildActionMask = 2147483647;
			files = (
				92A4CC7820AF2EE30096AF98 /* Operand.swift in Sources */,
				92A4CC7E20AF68D90096AF98 /* ExpressionError.swift in Sources */,
				9286A3742266FEC8004D7360 /* Parser.swift in Sources */,
				92A4CC7420AF26530096AF98 /* Expression.swift in Sources */,
				9226DC6F21500AF2003D024D /* NSRegularExpression.swift in Sources */,
				927DA38124FF21D000C868BB /* Operand2.swift in Sources */,
				927DA38724FF407400C868BB /* RollNegativeSides.swift in Sources */,
				92A4CC7620AF270A0096AF98 /* Operator.swift in Sources */,
				92A4CC7C20AF2F560096AF98 /* Tokenable.swift in Sources */,
				927DA38924FF438500C868BB /* RollPositiveSides.swift in Sources */,
				92D04A9A226CCA3D00E97E06 /* Evaluator.swift in Sources */,
				927DA38324FF223F00C868BB /* Constant.swift in Sources */,
				92DA546D20B204CD0052CC65 /* Markable.swift in Sources */,
				9226DC7121500B96003D024D /* NSTextCheckingResult.swift in Sources */,
				92D04AA0226DB0AC00E97E06 /* Lexer.swift in Sources */,
				92DA546F20B207270052CC65 /* Parenthesis.swift in Sources */,
				927DA38524FF285800C868BB /* Roll.swift in Sources */,
			);
			runOnlyForDeploymentPostprocessing = 0;
		};
		92CD301B20AD0E6C002462B3 /* Sources */ = {
			isa = PBXSourcesBuildPhase;
			buildActionMask = 2147483647;
			files = (
				92DE254F23465101003A75A0 /* LexemeOperandFixture.swift in Sources */,
				9271D3F725004E6600F9FC5A /* RollNegativeSidesTests.swift in Sources */,
				9271D3FD2500506F00F9FC5A /* LexemeRollFixture.swift in Sources */,
				92DE255523465244003A75A0 /* ParsableOnlyFixture.swift in Sources */,
				9286A376226700BA004D7360 /* ParserTests.swift in Sources */,
				92CD302B20AD0EBD002462B3 /* ExpressionTests.swift in Sources */,
				9271D4032500524D00F9FC5A /* LexemeRollPositiveSidesFixture.swift in Sources */,
				923D7FBC2146E872000E1D49 /* TokenableTests.swift in Sources */,
				92391F0220B130A800FE8006 /* OperandTests.swift in Sources */,
				9271D3F325004C1600F9FC5A /* ConstantTests.swift in Sources */,
				92D513F6213DA02C00973B6F /* ParenthesisTests.swift in Sources */,
				92DE254D2346508F003A75A0 /* LexemeParenthesisFixture.swift in Sources */,
				92D04A98226A2C8700E97E06 /* LexebleOnlyFixture.swift in Sources */,
				9226DC7721500ED9003D024D /* NSTextCheckingResultTests.swift in Sources */,
				92DE254B23464CF4003A75A0 /* LexemeOperatorFixture.swift in Sources */,
				9271D4012500522000F9FC5A /* LexemeRollNegativeSidesFixture.swift in Sources */,
				92D04AA2226DB27D00E97E06 /* LexerTests.swift in Sources */,
				924105AA20B06B19009FC568 /* OperatorTests.swift in Sources */,
				9271D3FB25004F9600F9FC5A /* LexemeConstantFixture.swift in Sources */,
				9226DC7421500EA7003D024D /* NSRegularExpressionTests.swift in Sources */,
				9271D3F925004EE100F9FC5A /* RollPositiveSidesTests.swift in Sources */,
				9290C1162433CBE400609A2D /* EvaluatableClosedRangeFixture.swift in Sources */,
				92DE255123465169003A75A0 /* EvaluatableIntegerFixture.swift in Sources */,
				92DE2559234652FE003A75A0 /* InvalidFixture.swift in Sources */,
				9271D3F525004CCC00F9FC5A /* RollTests.swift in Sources */,
				92D04A9E226CCC3600E97E06 /* EvaluatorTests.swift in Sources */,
			);
			runOnlyForDeploymentPostprocessing = 0;
		};
/* End PBXSourcesBuildPhase section */

/* Begin XCBuildConfiguration section */
		92CD300520AD0D89002462B3 /* Debug */ = {
			isa = XCBuildConfiguration;
			buildSettings = {
				ALWAYS_SEARCH_USER_PATHS = NO;
				CLANG_ANALYZER_NONNULL = YES;
				CLANG_ANALYZER_NUMBER_OBJECT_CONVERSION = YES_AGGRESSIVE;
				CLANG_CXX_LANGUAGE_STANDARD = "gnu++14";
				CLANG_CXX_LIBRARY = "libc++";
				CLANG_ENABLE_MODULES = YES;
				CLANG_ENABLE_OBJC_ARC = YES;
				CLANG_ENABLE_OBJC_WEAK = YES;
				CLANG_WARN_BLOCK_CAPTURE_AUTORELEASING = YES;
				CLANG_WARN_BOOL_CONVERSION = YES;
				CLANG_WARN_COMMA = YES;
				CLANG_WARN_CONSTANT_CONVERSION = YES;
				CLANG_WARN_DEPRECATED_OBJC_IMPLEMENTATIONS = YES;
				CLANG_WARN_DIRECT_OBJC_ISA_USAGE = YES_ERROR;
				CLANG_WARN_DOCUMENTATION_COMMENTS = YES;
				CLANG_WARN_EMPTY_BODY = YES;
				CLANG_WARN_ENUM_CONVERSION = YES;
				CLANG_WARN_INFINITE_RECURSION = YES;
				CLANG_WARN_INT_CONVERSION = YES;
				CLANG_WARN_NON_LITERAL_NULL_CONVERSION = YES;
				CLANG_WARN_OBJC_IMPLICIT_RETAIN_SELF = YES;
				CLANG_WARN_OBJC_LITERAL_CONVERSION = YES;
				CLANG_WARN_OBJC_ROOT_CLASS = YES_ERROR;
				CLANG_WARN_QUOTED_INCLUDE_IN_FRAMEWORK_HEADER = YES;
				CLANG_WARN_RANGE_LOOP_ANALYSIS = YES;
				CLANG_WARN_STRICT_PROTOTYPES = YES;
				CLANG_WARN_SUSPICIOUS_MOVE = YES;
				CLANG_WARN_UNGUARDED_AVAILABILITY = YES_AGGRESSIVE;
				CLANG_WARN_UNREACHABLE_CODE = YES;
				CLANG_WARN__DUPLICATE_METHOD_MATCH = YES;
				CODE_SIGN_IDENTITY = "iPhone Developer";
				COPY_PHASE_STRIP = NO;
				DEBUG_INFORMATION_FORMAT = dwarf;
				ENABLE_STRICT_OBJC_MSGSEND = YES;
				ENABLE_TESTABILITY = YES;
				GCC_C_LANGUAGE_STANDARD = gnu11;
				GCC_DYNAMIC_NO_PIC = NO;
				GCC_NO_COMMON_BLOCKS = YES;
				GCC_OPTIMIZATION_LEVEL = 0;
				GCC_PREPROCESSOR_DEFINITIONS = (
					"DEBUG=1",
					"$(inherited)",
				);
				GCC_WARN_64_TO_32_BIT_CONVERSION = YES;
				GCC_WARN_ABOUT_RETURN_TYPE = YES_ERROR;
				GCC_WARN_UNDECLARED_SELECTOR = YES;
				GCC_WARN_UNINITIALIZED_AUTOS = YES_AGGRESSIVE;
				GCC_WARN_UNUSED_FUNCTION = YES;
				GCC_WARN_UNUSED_VARIABLE = YES;
				IPHONEOS_DEPLOYMENT_TARGET = 13.4;
				MTL_ENABLE_DEBUG_INFO = YES;
				ONLY_ACTIVE_ARCH = YES;
				SDKROOT = iphoneos;
				SWIFT_ACTIVE_COMPILATION_CONDITIONS = DEBUG;
				SWIFT_OPTIMIZATION_LEVEL = "-Onone";
				SWIFT_VERSION = 5.0;
			};
			name = Debug;
		};
		92CD300620AD0D89002462B3 /* Release */ = {
			isa = XCBuildConfiguration;
			buildSettings = {
				ALWAYS_SEARCH_USER_PATHS = NO;
				CLANG_ANALYZER_NONNULL = YES;
				CLANG_ANALYZER_NUMBER_OBJECT_CONVERSION = YES_AGGRESSIVE;
				CLANG_CXX_LANGUAGE_STANDARD = "gnu++14";
				CLANG_CXX_LIBRARY = "libc++";
				CLANG_ENABLE_MODULES = YES;
				CLANG_ENABLE_OBJC_ARC = YES;
				CLANG_ENABLE_OBJC_WEAK = YES;
				CLANG_WARN_BLOCK_CAPTURE_AUTORELEASING = YES;
				CLANG_WARN_BOOL_CONVERSION = YES;
				CLANG_WARN_COMMA = YES;
				CLANG_WARN_CONSTANT_CONVERSION = YES;
				CLANG_WARN_DEPRECATED_OBJC_IMPLEMENTATIONS = YES;
				CLANG_WARN_DIRECT_OBJC_ISA_USAGE = YES_ERROR;
				CLANG_WARN_DOCUMENTATION_COMMENTS = YES;
				CLANG_WARN_EMPTY_BODY = YES;
				CLANG_WARN_ENUM_CONVERSION = YES;
				CLANG_WARN_INFINITE_RECURSION = YES;
				CLANG_WARN_INT_CONVERSION = YES;
				CLANG_WARN_NON_LITERAL_NULL_CONVERSION = YES;
				CLANG_WARN_OBJC_IMPLICIT_RETAIN_SELF = YES;
				CLANG_WARN_OBJC_LITERAL_CONVERSION = YES;
				CLANG_WARN_OBJC_ROOT_CLASS = YES_ERROR;
				CLANG_WARN_QUOTED_INCLUDE_IN_FRAMEWORK_HEADER = YES;
				CLANG_WARN_RANGE_LOOP_ANALYSIS = YES;
				CLANG_WARN_STRICT_PROTOTYPES = YES;
				CLANG_WARN_SUSPICIOUS_MOVE = YES;
				CLANG_WARN_UNGUARDED_AVAILABILITY = YES_AGGRESSIVE;
				CLANG_WARN_UNREACHABLE_CODE = YES;
				CLANG_WARN__DUPLICATE_METHOD_MATCH = YES;
				CODE_SIGN_IDENTITY = "iPhone Developer";
				COPY_PHASE_STRIP = NO;
				DEBUG_INFORMATION_FORMAT = "dwarf-with-dsym";
				ENABLE_NS_ASSERTIONS = NO;
				ENABLE_STRICT_OBJC_MSGSEND = YES;
				GCC_C_LANGUAGE_STANDARD = gnu11;
				GCC_NO_COMMON_BLOCKS = YES;
				GCC_WARN_64_TO_32_BIT_CONVERSION = YES;
				GCC_WARN_ABOUT_RETURN_TYPE = YES_ERROR;
				GCC_WARN_UNDECLARED_SELECTOR = YES;
				GCC_WARN_UNINITIALIZED_AUTOS = YES_AGGRESSIVE;
				GCC_WARN_UNUSED_FUNCTION = YES;
				GCC_WARN_UNUSED_VARIABLE = YES;
				IPHONEOS_DEPLOYMENT_TARGET = 13.4;
				MTL_ENABLE_DEBUG_INFO = NO;
				SDKROOT = iphoneos;
				SWIFT_COMPILATION_MODE = wholemodule;
				SWIFT_OPTIMIZATION_LEVEL = "-O";
				SWIFT_VERSION = 5.0;
				VALIDATE_PRODUCT = YES;
			};
			name = Release;
		};
		92CD300820AD0D89002462B3 /* Debug */ = {
			isa = XCBuildConfiguration;
			buildSettings = {
				CLANG_ENABLE_MODULES = YES;
				CODE_SIGN_STYLE = Automatic;
				DEVELOPMENT_TEAM = 6723MY98T4;
				LD_RUNPATH_SEARCH_PATHS = (
					"$(inherited)",
					"@executable_path/Frameworks",
					"@loader_path/Frameworks",
				);
				OTHER_LDFLAGS = "-ObjC";
				PRODUCT_NAME = "$(TARGET_NAME)";
				SKIP_INSTALL = YES;
				SWIFT_OPTIMIZATION_LEVEL = "-Onone";
				TARGETED_DEVICE_FAMILY = "1,2";
			};
			name = Debug;
		};
		92CD300920AD0D89002462B3 /* Release */ = {
			isa = XCBuildConfiguration;
			buildSettings = {
				CLANG_ENABLE_MODULES = YES;
				CODE_SIGN_STYLE = Automatic;
				DEVELOPMENT_TEAM = 6723MY98T4;
				LD_RUNPATH_SEARCH_PATHS = (
					"$(inherited)",
					"@executable_path/Frameworks",
					"@loader_path/Frameworks",
				);
				OTHER_LDFLAGS = "-ObjC";
				PRODUCT_NAME = "$(TARGET_NAME)";
				SKIP_INSTALL = YES;
				TARGETED_DEVICE_FAMILY = "1,2";
			};
			name = Release;
		};
		92CD302820AD0E6C002462B3 /* Debug */ = {
			isa = XCBuildConfiguration;
			buildSettings = {
				ALWAYS_EMBED_SWIFT_STANDARD_LIBRARIES = YES;
				CLANG_ENABLE_MODULES = YES;
				CODE_SIGN_STYLE = Automatic;
				DEVELOPMENT_TEAM = 6723MY98T4;
				INFOPLIST_FILE = Tests/Info.plist;
				LD_RUNPATH_SEARCH_PATHS = (
					"$(inherited)",
					"@executable_path/Frameworks",
					"@loader_path/Frameworks",
				);
				PRODUCT_BUNDLE_IDENTIFIER = com.ryansobol.Tests;
				PRODUCT_NAME = "$(TARGET_NAME)";
				SWIFT_OPTIMIZATION_LEVEL = "-Onone";
				TARGETED_DEVICE_FAMILY = "1,2";
			};
			name = Debug;
		};
		92CD302920AD0E6C002462B3 /* Release */ = {
			isa = XCBuildConfiguration;
			buildSettings = {
				ALWAYS_EMBED_SWIFT_STANDARD_LIBRARIES = YES;
				CLANG_ENABLE_MODULES = YES;
				CODE_SIGN_STYLE = Automatic;
				DEVELOPMENT_TEAM = 6723MY98T4;
				INFOPLIST_FILE = Tests/Info.plist;
				LD_RUNPATH_SEARCH_PATHS = (
					"$(inherited)",
					"@executable_path/Frameworks",
					"@loader_path/Frameworks",
				);
				PRODUCT_BUNDLE_IDENTIFIER = com.ryansobol.Tests;
				PRODUCT_NAME = "$(TARGET_NAME)";
				TARGETED_DEVICE_FAMILY = "1,2";
			};
			name = Release;
		};
/* End XCBuildConfiguration section */

/* Begin XCConfigurationList section */
		92CD2FFB20AD0D89002462B3 /* Build configuration list for PBXProject "ChanceKit" */ = {
			isa = XCConfigurationList;
			buildConfigurations = (
				92CD300520AD0D89002462B3 /* Debug */,
				92CD300620AD0D89002462B3 /* Release */,
			);
			defaultConfigurationIsVisible = 0;
			defaultConfigurationName = Release;
		};
		92CD300720AD0D89002462B3 /* Build configuration list for PBXNativeTarget "ChanceKit" */ = {
			isa = XCConfigurationList;
			buildConfigurations = (
				92CD300820AD0D89002462B3 /* Debug */,
				92CD300920AD0D89002462B3 /* Release */,
			);
			defaultConfigurationIsVisible = 0;
			defaultConfigurationName = Release;
		};
		92CD302720AD0E6C002462B3 /* Build configuration list for PBXNativeTarget "ChanceKitTests" */ = {
			isa = XCConfigurationList;
			buildConfigurations = (
				92CD302820AD0E6C002462B3 /* Debug */,
				92CD302920AD0E6C002462B3 /* Release */,
			);
			defaultConfigurationIsVisible = 0;
			defaultConfigurationName = Release;
		};
/* End XCConfigurationList section */
	};
	rootObject = 92CD2FF820AD0D89002462B3 /* Project object */;
}
